
Microsoft Visual Studio Solution File, Format Version 12.00
# Visual Studio Version 16
VisualStudioVersion = 16.0.29403.142
MinimumVisualStudioVersion = 10.0.40219.1
Project("{8BC9CEB8-8B4A-11D0-8D11-00A0C91BC942}") = "19_11_9", "19_11_9\19_11_9.vcxproj", "{BB9102DB-9BC5-4371-A757-E24E69E3A197}"
EndProject
Global
	GlobalSection(SolutionConfigurationPlatforms) = preSolution
		Debug|x64 = Debug|x64
		Debug|x86 = Debug|x86
		Release|x64 = Release|x64
		Release|x86 = Release|x86
	EndGlobalSection
	GlobalSection(ProjectConfigurationPlatforms) = postSolution
		{BB9102DB-9BC5-4371-A757-E24E69E3A197}.Debug|x64.ActiveCfg = Debug|x64
		{BB9102DB-9BC5-4371-A757-E24E69E3A197}.Debug|x64.Build.0 = Debug|x64
		{BB9102DB-9BC5-4371-A757-E24E69E3A197}.Debug|x86.ActiveCfg = Debug|Win32
		{BB9102DB-9BC5-4371-A757-E24E69E3A197}.Debug|x86.Build.0 = Debug|Win32
		{BB9102DB-9BC5-4371-A757-E24E69E3A197}.Release|x64.ActiveCfg = Release|x64
		{BB9102DB-9BC5-4371-A757-E24E69E3A197}.Release|x64.Build.0 = Release|x64
		{BB9102DB-9BC5-4371-A757-E24E69E3A197}.Release|x86.ActiveCfg = Release|Win32
		{BB9102DB-9BC5-4371-A757-E24E69E3A197}.Release|x86.Build.0 = Release|Win32
	EndGlobalSection
	GlobalSection(SolutionProperties) = preSolution
		HideSolutionNode = FALSE
	EndGlobalSection
	GlobalSection(ExtensibilityGlobals) = postSolution
		SolutionGuid = {EED4D5E2-889C-43B4-8B63-58487F670BE7}
	EndGlobalSection
EndGlobal
