
Microsoft Visual Studio Solution File, Format Version 12.00
# Visual Studio Version 16
VisualStudioVersion = 16.0.29519.87
MinimumVisualStudioVersion = 10.0.40219.1
Project("{8BC9CEB8-8B4A-11D0-8D11-00A0C91BC942}") = "LeetCode189", "LeetCode189\LeetCode189.vcxproj", "{C1BEB3AD-4FDB-4AA2-8B44-8660CDF8F8AA}"
EndProject
Global
	GlobalSection(SolutionConfigurationPlatforms) = preSolution
		Debug|x64 = Debug|x64
		Debug|x86 = Debug|x86
		Release|x64 = Release|x64
		Release|x86 = Release|x86
	EndGlobalSection
	GlobalSection(ProjectConfigurationPlatforms) = postSolution
		{C1BEB3AD-4FDB-4AA2-8B44-8660CDF8F8AA}.Debug|x64.ActiveCfg = Debug|x64
		{C1BEB3AD-4FDB-4AA2-8B44-8660CDF8F8AA}.Debug|x64.Build.0 = Debug|x64
		{C1BEB3AD-4FDB-4AA2-8B44-8660CDF8F8AA}.Debug|x86.ActiveCfg = Debug|Win32
		{C1BEB3AD-4FDB-4AA2-8B44-8660CDF8F8AA}.Debug|x86.Build.0 = Debug|Win32
		{C1BEB3AD-4FDB-4AA2-8B44-8660CDF8F8AA}.Release|x64.ActiveCfg = Release|x64
		{C1BEB3AD-4FDB-4AA2-8B44-8660CDF8F8AA}.Release|x64.Build.0 = Release|x64
		{C1BEB3AD-4FDB-4AA2-8B44-8660CDF8F8AA}.Release|x86.ActiveCfg = Release|Win32
		{C1BEB3AD-4FDB-4AA2-8B44-8660CDF8F8AA}.Release|x86.Build.0 = Release|Win32
	EndGlobalSection
	GlobalSection(SolutionProperties) = preSolution
		HideSolutionNode = FALSE
	EndGlobalSection
	GlobalSection(ExtensibilityGlobals) = postSolution
		SolutionGuid = {D28FD400-ED24-401A-98BB-A1EDDE12A745}
	EndGlobalSection
EndGlobal
